
Microsoft Visual Studio Solution File, Format Version 12.00
# Visual Studio 16
Project("{FAE04EC0-301F-11D3-BF4B-00C04F79EFBC}") = "PhotonUnityNetworking.Demos", "PhotonUnityNetworking.Demos.csproj", "{46DB892B-34F5-A3CB-0737-81E7A14D510B}"
EndProject
Project("{FAE04EC0-301F-11D3-BF4B-00C04F79EFBC}") = "PhotonUnityNetworking.Utilities", "PhotonUnityNetworking.Utilities.csproj", "{71C26A7F-12C4-DD88-FF10-D8BF346A0B2A}"
EndProject
Project("{FAE04EC0-301F-11D3-BF4B-00C04F79EFBC}") = "PhotonChat", "PhotonChat.csproj", "{E696AFFF-0744-EE10-2D63-122BCB4A0031}"
EndProject
Project("{FAE04EC0-301F-11D3-BF4B-00C04F79EFBC}") = "PhotonUnityNetworking", "PhotonUnityNetworking.csproj", "{462F8BDA-86E4-3A6C-FF4C-3660BCC2ACA7}"
EndProject
Project("{FAE04EC0-301F-11D3-BF4B-00C04F79EFBC}") = "Assembly-CSharp", "Assembly-CSharp.csproj", "{CD01D1EA-EE87-7BE3-E6EC-EDA7B433CF70}"
EndProject
Project("{FAE04EC0-301F-11D3-BF4B-00C04F79EFBC}") = "PhotonRealtime", "PhotonRealtime.csproj", "{38DBF791-E289-8FC3-F6CD-C8492EB42643}"
EndProject
Project("{FAE04EC0-301F-11D3-BF4B-00C04F79EFBC}") = "PhotonUnityNetworking.Editor", "PhotonUnityNetworking.Editor.csproj", "{3F0F515B-DA7E-7E58-37DE-53BC24E7E6D8}"
EndProject
Project("{FAE04EC0-301F-11D3-BF4B-00C04F79EFBC}") = "PunDemos.DemoHubEditor", "PunDemos.DemoHubEditor.csproj", "{07EBE3F1-0233-F6B5-4935-D3FEA630AE99}"
EndProject
Project("{FAE04EC0-301F-11D3-BF4B-00C04F79EFBC}") = "PhotonUnityNetworking.Utilities.PhotonPlayer.Editor", "PhotonUnityNetworking.Utilities.PhotonPlayer.Editor.csproj", "{19EE88B8-7D94-0BD8-21EE-9FD1212CF3C3}"
EndProject
Project("{FAE04EC0-301F-11D3-BF4B-00C04F79EFBC}") = "PhotonUnityNetworking.Utilities.Culling.Editor", "PhotonUnityNetworking.Utilities.Culling.Editor.csproj", "{DA34BE27-F327-6573-0C1C-5996DEB72D84}"
EndProject
Project("{FAE04EC0-301F-11D3-BF4B-00C04F79EFBC}") = "PunDemos.DemoSlotcarEditor", "PunDemos.DemoSlotcarEditor.csproj", "{2DEE8439-1F79-FEA7-2273-282FF77FA847}"
EndProject
Global
	GlobalSection(SolutionConfigurationPlatforms) = preSolution
		Debug|Any CPU = Debug|Any CPU
		Release|Any CPU = Release|Any CPU
	EndGlobalSection
	GlobalSection(ProjectConfigurationPlatforms) = postSolution
		{46DB892B-34F5-A3CB-0737-81E7A14D510B}.Debug|Any CPU.ActiveCfg = Debug|Any CPU
		{46DB892B-34F5-A3CB-0737-81E7A14D510B}.Debug|Any CPU.Build.0 = Debug|Any CPU
		{46DB892B-34F5-A3CB-0737-81E7A14D510B}.Release|Any CPU.ActiveCfg = Release|Any CPU
		{46DB892B-34F5-A3CB-0737-81E7A14D510B}.Release|Any CPU.Build.0 = Release|Any CPU
		{71C26A7F-12C4-DD88-FF10-D8BF346A0B2A}.Debug|Any CPU.ActiveCfg = Debug|Any CPU
		{71C26A7F-12C4-DD88-FF10-D8BF346A0B2A}.Debug|Any CPU.Build.0 = Debug|Any CPU
		{71C26A7F-12C4-DD88-FF10-D8BF346A0B2A}.Release|Any CPU.ActiveCfg = Release|Any CPU
		{71C26A7F-12C4-DD88-FF10-D8BF346A0B2A}.Release|Any CPU.Build.0 = Release|Any CPU
		{E696AFFF-0744-EE10-2D63-122BCB4A0031}.Debug|Any CPU.ActiveCfg = Debug|Any CPU
		{E696AFFF-0744-EE10-2D63-122BCB4A0031}.Debug|Any CPU.Build.0 = Debug|Any CPU
		{E696AFFF-0744-EE10-2D63-122BCB4A0031}.Release|Any CPU.ActiveCfg = Release|Any CPU
		{E696AFFF-0744-EE10-2D63-122BCB4A0031}.Release|Any CPU.Build.0 = Release|Any CPU
		{462F8BDA-86E4-3A6C-FF4C-3660BCC2ACA7}.Debug|Any CPU.ActiveCfg = Debug|Any CPU
		{462F8BDA-86E4-3A6C-FF4C-3660BCC2ACA7}.Debug|Any CPU.Build.0 = Debug|Any CPU
		{462F8BDA-86E4-3A6C-FF4C-3660BCC2ACA7}.Release|Any CPU.ActiveCfg = Release|Any CPU
		{462F8BDA-86E4-3A6C-FF4C-3660BCC2ACA7}.Release|Any CPU.Build.0 = Release|Any CPU
		{CD01D1EA-EE87-7BE3-E6EC-EDA7B433CF70}.Debug|Any CPU.ActiveCfg = Debug|Any CPU
		{CD01D1EA-EE87-7BE3-E6EC-EDA7B433CF70}.Debug|Any CPU.Build.0 = Debug|Any CPU
		{CD01D1EA-EE87-7BE3-E6EC-EDA7B433CF70}.Release|Any CPU.ActiveCfg = Release|Any CPU
		{CD01D1EA-EE87-7BE3-E6EC-EDA7B433CF70}.Release|Any CPU.Build.0 = Release|Any CPU
		{38DBF791-E289-8FC3-F6CD-C8492EB42643}.Debug|Any CPU.ActiveCfg = Debug|Any CPU
		{38DBF791-E289-8FC3-F6CD-C8492EB42643}.Debug|Any CPU.Build.0 = Debug|Any CPU
		{38DBF791-E289-8FC3-F6CD-C8492EB42643}.Release|Any CPU.ActiveCfg = Release|Any CPU
		{38DBF791-E289-8FC3-F6CD-C8492EB42643}.Release|Any CPU.Build.0 = Release|Any CPU
		{3F0F515B-DA7E-7E58-37DE-53BC24E7E6D8}.Debug|Any CPU.ActiveCfg = Debug|Any CPU
		{3F0F515B-DA7E-7E58-37DE-53BC24E7E6D8}.Debug|Any CPU.Build.0 = Debug|Any CPU
		{3F0F515B-DA7E-7E58-37DE-53BC24E7E6D8}.Release|Any CPU.ActiveCfg = Release|Any CPU
		{3F0F515B-DA7E-7E58-37DE-53BC24E7E6D8}.Release|Any CPU.Build.0 = Release|Any CPU
		{07EBE3F1-0233-F6B5-4935-D3FEA630AE99}.Debug|Any CPU.ActiveCfg = Debug|Any CPU
		{07EBE3F1-0233-F6B5-4935-D3FEA630AE99}.Debug|Any CPU.Build.0 = Debug|Any CPU
		{07EBE3F1-0233-F6B5-4935-D3FEA630AE99}.Release|Any CPU.ActiveCfg = Release|Any CPU
		{07EBE3F1-0233-F6B5-4935-D3FEA630AE99}.Release|Any CPU.Build.0 = Release|Any CPU
		{19EE88B8-7D94-0BD8-21EE-9FD1212CF3C3}.Debug|Any CPU.ActiveCfg = Debug|Any CPU
		{19EE88B8-7D94-0BD8-21EE-9FD1212CF3C3}.Debug|Any CPU.Build.0 = Debug|Any CPU
		{19EE88B8-7D94-0BD8-21EE-9FD1212CF3C3}.Release|Any CPU.ActiveCfg = Release|Any CPU
		{19EE88B8-7D94-0BD8-21EE-9FD1212CF3C3}.Release|Any CPU.Build.0 = Release|Any CPU
		{DA34BE27-F327-6573-0C1C-5996DEB72D84}.Debug|Any CPU.ActiveCfg = Debug|Any CPU
		{DA34BE27-F327-6573-0C1C-5996DEB72D84}.Debug|Any CPU.Build.0 = Debug|Any CPU
		{DA34BE27-F327-6573-0C1C-5996DEB72D84}.Release|Any CPU.ActiveCfg = Release|Any CPU
		{DA34BE27-F327-6573-0C1C-5996DEB72D84}.Release|Any CPU.Build.0 = Release|Any CPU
		{2DEE8439-1F79-FEA7-2273-282FF77FA847}.Debug|Any CPU.ActiveCfg = Debug|Any CPU
		{2DEE8439-1F79-FEA7-2273-282FF77FA847}.Debug|Any CPU.Build.0 = Debug|Any CPU
		{2DEE8439-1F79-FEA7-2273-282FF77FA847}.Release|Any CPU.ActiveCfg = Release|Any CPU
		{2DEE8439-1F79-FEA7-2273-282FF77FA847}.Release|Any CPU.Build.0 = Release|Any CPU
	EndGlobalSection
	GlobalSection(SolutionProperties) = preSolution
		HideSolutionNode = FALSE
	EndGlobalSection
EndGlobal
